
Microsoft Visual Studio Solution File, Format Version 12.00
# Visual Studio Version 17
VisualStudioVersion = 17.0.31903.59
MinimumVisualStudioVersion = 10.0.40219.1
Project("{FAE04EC0-301F-11D3-BF4B-00C04F79EFBC}") = "UserActions.Example", "UserActions.Example\UserActions.Example.csproj", "{D7C453B2-E063-411A-B803-2C8991D8E7CA}"
EndProject
Project("{FAE04EC0-301F-11D3-BF4B-00C04F79EFBC}") = "UserActions.Telemetry", "UserActions.Telemetry\UserActions.Telemetry.csproj", "{F5437763-0325-41F4-A995-816EA37D2CEF}"
EndProject
Project("{FAE04EC0-301F-11D3-BF4B-00C04F79EFBC}") = "UserActions.Telemetry.Redis", "UserActions.Telemetry.Redis\UserActions.Telemetry.Redis.csproj", "{5DFEB07D-6F31-4E92-AE84-CDAE151E8F48}"
EndProject
Project("{FAE04EC0-301F-11D3-BF4B-00C04F79EFBC}") = "UserActions.Telemetry.RabbitMQ", "UserActions.Telemetry.RabbitMQ\UserActions.Telemetry.RabbitMQ.csproj", "{E8E37F12-85C1-4124-876A-F09591B1FF5D}"
EndProject
Global
	GlobalSection(SolutionConfigurationPlatforms) = preSolution
		Debug|Any CPU = Debug|Any CPU
		Release|Any CPU = Release|Any CPU
	EndGlobalSection
	GlobalSection(SolutionProperties) = preSolution
		HideSolutionNode = FALSE
	EndGlobalSection
	GlobalSection(ProjectConfigurationPlatforms) = postSolution
		{D7C453B2-E063-411A-B803-2C8991D8E7CA}.Debug|Any CPU.ActiveCfg = Debug|Any CPU
		{D7C453B2-E063-411A-B803-2C8991D8E7CA}.Debug|Any CPU.Build.0 = Debug|Any CPU
		{D7C453B2-E063-411A-B803-2C8991D8E7CA}.Release|Any CPU.ActiveCfg = Release|Any CPU
		{D7C453B2-E063-411A-B803-2C8991D8E7CA}.Release|Any CPU.Build.0 = Release|Any CPU
		{F5437763-0325-41F4-A995-816EA37D2CEF}.Debug|Any CPU.ActiveCfg = Debug|Any CPU
		{F5437763-0325-41F4-A995-816EA37D2CEF}.Debug|Any CPU.Build.0 = Debug|Any CPU
		{F5437763-0325-41F4-A995-816EA37D2CEF}.Release|Any CPU.ActiveCfg = Release|Any CPU
		{F5437763-0325-41F4-A995-816EA37D2CEF}.Release|Any CPU.Build.0 = Release|Any CPU
		{5DFEB07D-6F31-4E92-AE84-CDAE151E8F48}.Debug|Any CPU.ActiveCfg = Debug|Any CPU
		{5DFEB07D-6F31-4E92-AE84-CDAE151E8F48}.Debug|Any CPU.Build.0 = Debug|Any CPU
		{5DFEB07D-6F31-4E92-AE84-CDAE151E8F48}.Release|Any CPU.ActiveCfg = Release|Any CPU
		{5DFEB07D-6F31-4E92-AE84-CDAE151E8F48}.Release|Any CPU.Build.0 = Release|Any CPU
		{E8E37F12-85C1-4124-876A-F09591B1FF5D}.Debug|Any CPU.ActiveCfg = Debug|Any CPU
		{E8E37F12-85C1-4124-876A-F09591B1FF5D}.Debug|Any CPU.Build.0 = Debug|Any CPU
		{E8E37F12-85C1-4124-876A-F09591B1FF5D}.Release|Any CPU.ActiveCfg = Release|Any CPU
		{E8E37F12-85C1-4124-876A-F09591B1FF5D}.Release|Any CPU.Build.0 = Release|Any CPU
	EndGlobalSection
EndGlobal
